{
	"name": "atomos",
	"version": "0.7.0",
	"lockfileVersion": 1,
	"requires": true,
	"dependencies": {
		"@mdi/font": {
			"version": "2.8.94",
			"resolved": "https://registry.npmjs.org/@mdi/font/-/font-2.8.94.tgz",
			"integrity": "sha512-QSmuK0BedRMDSgh7RCOc0yO+cAHAaAKfj11BPv0XDxvGKNNKGRqDJcJKdrWUpVmO1/xiFLWfPEmqMi/PKwvjcg=="
		},
		"@types/commander": {
			"version": "2.12.2",
			"resolved": "https://registry.npmjs.org/@types/commander/-/commander-2.12.2.tgz",
			"integrity": "sha512-0QEFiR8ljcHp9bAbWxecjVRuAMr16ivPiGOw6KFQBVrVd0RQIcM3xKdRisH2EDWgVWujiYtHwhSkSUoAAGzH7Q==",
			"requires": {
				"commander": "*"
			}
		},
		"@types/semver": {
			"version": "5.5.0",
			"resolved": "https://registry.npmjs.org/@types/semver/-/semver-5.5.0.tgz",
			"integrity": "sha512-41qEJgBH/TWgo5NFSvBCJ1qkoi3Q6ONSF2avrHq1LVEZfYpdHmj0y9SuTK+u9ZhG1sYQKBL1AWXKyLWP4RaUoQ=="
		},
		"abbrev": {
			"version": "1.1.1",
			"resolved": "https://registry.npmjs.org/abbrev/-/abbrev-1.1.1.tgz",
			"integrity": "sha512-nne9/IiQ/hzIhY6pdDnbBtz7DjPTKrY00P/zvPSm5pOFkl6xuGrGnXn/VtTNNfNtAfZ9/1RtehkszU9qcTii0Q=="
		},
		"ace-builds": {
			"version": "1.4.1",
			"resolved": "https://registry.npmjs.org/ace-builds/-/ace-builds-1.4.1.tgz",
			"integrity": "sha512-ulsfTOi/oAXBIt9hYlK4asyFZYsFOOUAbwBZidbjWWJycRX4LtwIithMyndcnoQ4PavkZ0iGJ+c9nqHNiYbubA=="
		},
		"agent-base": {
			"version": "4.2.1",
			"resolved": "https://registry.npmjs.org/agent-base/-/agent-base-4.2.1.tgz",
			"integrity": "sha512-JVwXMr9nHYTUXsBFKUqhJwvlcYU/blreOEUkhNR2eXZIvwd+c+o5V4MgDPKWnMS/56awN3TRzIP+KoPn+roQtg==",
			"requires": {
				"es6-promisify": "^5.0.0"
			}
		},
		"ajv": {
			"version": "5.5.2",
			"resolved": "https://registry.npmjs.org/ajv/-/ajv-5.5.2.tgz",
			"integrity": "sha1-c7Xuyj+rZT49P5Qis0GtQiBdyWU=",
			"requires": {
				"co": "^4.6.0",
				"fast-deep-equal": "^1.0.0",
				"fast-json-stable-stringify": "^2.0.0",
				"json-schema-traverse": "^0.3.0"
			}
		},
		"axios": {
			"version": "0.18.0",
			"resolved": "http://registry.npmjs.org/axios/-/axios-0.18.0.tgz",
			"integrity": "sha1-MtU+SFHv3AoRmTts0AB4nXDAUQI=",
			"requires": {
				"follow-redirects": "^1.3.0",
				"is-buffer": "^1.1.5"
			}
		},
		"big.js": {
			"version": "3.2.0",
			"resolved": "https://registry.npmjs.org/big.js/-/big.js-3.2.0.tgz",
			"integrity": "sha512-+hN/Zh2D08Mx65pZ/4g5bsmNiZUuChDiQfTUQ7qJr4/kuopCr88xZsAXv6mBoZEsUI4OuGHlX59qE94K2mMW8Q=="
		},
		"blob-to-buffer": {
			"version": "1.2.8",
			"resolved": "https://registry.npmjs.org/blob-to-buffer/-/blob-to-buffer-1.2.8.tgz",
			"integrity": "sha512-re0AIxakF504MgeMtIyJkVcZ8T5aUxtp/QmTMlmjyb3P44E1BEv5x3LATBGApWAJATyXHtkXRD+gWTmeyYLiQA=="
		},
		"bootstrap": {
			"version": "4.1.3",
			"resolved": "https://registry.npmjs.org/bootstrap/-/bootstrap-4.1.3.tgz",
			"integrity": "sha512-rDFIzgXcof0jDyjNosjv4Sno77X4KuPeFxG2XZZv1/Kc8DRVGVADdoQyyOVDwPqL36DDmtCQbrpMCqvpPLJQ0w=="
		},
		"bootstrap.native": {
			"version": "2.0.23",
			"resolved": "https://registry.npmjs.org/bootstrap.native/-/bootstrap.native-2.0.23.tgz",
			"integrity": "sha512-bcbVgqIjRkyiHd6DN8Y18BYjJTKvvnN3Msb7Yh6K5vGGsjRT3gV0IFKR3rcEYgJ5Kvg1egL9exIfN/Hvwn4wNA=="
		},
		"buffer-equal-constant-time": {
			"version": "1.0.1",
			"resolved": "https://registry.npmjs.org/buffer-equal-constant-time/-/buffer-equal-constant-time-1.0.1.tgz",
			"integrity": "sha1-+OcRMvf/5uAaXJaXpMbz5I1cyBk="
		},
		"buffer-from": {
			"version": "1.1.1",
			"resolved": "https://registry.npmjs.org/buffer-from/-/buffer-from-1.1.1.tgz",
			"integrity": "sha512-MQcXEUbCKtEo7bhqEs6560Hyd4XaovZlO/k9V3hjVUF/zwW7KBVdSK4gIt/bzwS9MbR5qob+F5jusZsb0YQK2A=="
		},
		"chownr": {
			"version": "1.1.1",
			"resolved": "https://registry.npmjs.org/chownr/-/chownr-1.1.1.tgz",
			"integrity": "sha512-j38EvO5+LHX84jlo6h4UzmOwi0UgW61WRyPtJz4qaadK5eY3BTS5TY/S1Stc3Uk2lIM6TPevAlULiEJwie860g=="
		},
		"co": {
			"version": "4.6.0",
			"resolved": "https://registry.npmjs.org/co/-/co-4.6.0.tgz",
			"integrity": "sha1-bqa989hTrlTMuOR7+gvz+QMfsYQ="
		},
		"commander": {
			"version": "2.18.0",
			"resolved": "https://registry.npmjs.org/commander/-/commander-2.18.0.tgz",
			"integrity": "sha512-6CYPa+JP2ftfRU2qkDK+UTVeQYosOg/2GbcjIcKPHfinyOLPVGXu/ovN86RP49Re5ndJK1N0kuiidFFuepc4ZQ=="
		},
		"concat-stream": {
			"version": "1.6.2",
			"resolved": "https://registry.npmjs.org/concat-stream/-/concat-stream-1.6.2.tgz",
			"integrity": "sha512-27HBghJxjiZtIk3Ycvn/4kbJk/1uZuJFfuPEns6LaEvpvG1f0hTea8lilrouyo9mVc2GWdcEZ8OLoGmSADlrCw==",
			"requires": {
				"buffer-from": "^1.0.0",
				"inherits": "^2.0.3",
				"readable-stream": "^2.2.2",
				"typedarray": "^0.0.6"
			}
		},
		"config-chain": {
			"version": "1.1.12",
			"resolved": "https://registry.npmjs.org/config-chain/-/config-chain-1.1.12.tgz",
			"integrity": "sha512-a1eOIcu8+7lUInge4Rpf/n4Krkf3Dd9lqhljRzII1/Zno/kRtUWnznPO3jOKBmTEktkt3fkxisUcivoj0ebzoA==",
			"requires": {
				"ini": "^1.3.4",
				"proto-list": "~1.2.1"
			}
		},
		"core-util-is": {
			"version": "1.0.2",
			"resolved": "https://registry.npmjs.org/core-util-is/-/core-util-is-1.0.2.tgz",
			"integrity": "sha1-tf1UIgqivFq1eqtxQMlAdUUDwac="
		},
		"cropperjs": {
			"version": "1.4.1",
			"resolved": "https://registry.npmjs.org/cropperjs/-/cropperjs-1.4.1.tgz",
			"integrity": "sha512-PzKN8nVbFCxw5vp4nLMtsMcBcRtBJzliPZMr9HpbJ75vZuTK3mSbimKEfmxXmJwiF+ngp/JVd1wh5F7z3h4lUg=="
		},
		"crypto-js": {
			"version": "3.1.8",
			"resolved": "https://registry.npmjs.org/crypto-js/-/crypto-js-3.1.8.tgz",
			"integrity": "sha1-cV8HC/YBTyrpkqmLOSkli3E/CNU="
		},
		"debug": {
			"version": "2.6.9",
			"resolved": "https://registry.npmjs.org/debug/-/debug-2.6.9.tgz",
			"integrity": "sha512-bC7ElrdJaJnPbAP+1EotYvqZsb3ecl5wi6Bfi6BJTUcNowp6cvspg0jXznRTKDjm/E7AdgFBVeAPVMNcKGsHMA==",
			"requires": {
				"ms": "2.0.0"
			}
		},
		"deep-equal": {
			"version": "0.2.1",
			"resolved": "https://registry.npmjs.org/deep-equal/-/deep-equal-0.2.1.tgz",
			"integrity": "sha1-+tenkyJMvww8d4b5LveA5PyMyHg="
		},
		"ecdsa-sig-formatter": {
			"version": "1.0.10",
			"resolved": "https://registry.npmjs.org/ecdsa-sig-formatter/-/ecdsa-sig-formatter-1.0.10.tgz",
			"integrity": "sha1-HFlQAPBKiJffuFAAiSoPTDOvhsM=",
			"requires": {
				"safe-buffer": "^5.0.1"
			}
		},
		"editorconfig": {
			"version": "0.15.0",
			"resolved": "https://registry.npmjs.org/editorconfig/-/editorconfig-0.15.0.tgz",
			"integrity": "sha512-j7JBoj/bpNzvoTQylfRZSc85MlLNKWQiq5y6gwKhmqD2h1eZ+tH4AXbkhEJD468gjDna/XMx2YtSkCxBRX9OGg==",
			"requires": {
				"@types/commander": "^2.11.0",
				"@types/semver": "^5.4.0",
				"commander": "^2.11.0",
				"lru-cache": "^4.1.1",
				"semver": "^5.4.1",
				"sigmund": "^1.0.1"
			}
		},
		"emojis-list": {
			"version": "2.1.0",
			"resolved": "https://registry.npmjs.org/emojis-list/-/emojis-list-2.1.0.tgz",
			"integrity": "sha1-TapNnbAPmBmIDHn6RXrlsJof04k="
		},
		"es6-promise": {
			"version": "4.2.5",
			"resolved": "https://registry.npmjs.org/es6-promise/-/es6-promise-4.2.5.tgz",
			"integrity": "sha512-n6wvpdE43VFtJq+lUDYDBFUwV8TZbuGXLV4D6wKafg13ldznKsyEvatubnmUe31zcvelSzOHF+XbaT+Bl9ObDg=="
		},
		"es6-promisify": {
			"version": "5.0.0",
			"resolved": "https://registry.npmjs.org/es6-promisify/-/es6-promisify-5.0.0.tgz",
			"integrity": "sha1-UQnWLz5W6pZ8S2NQWu8IKRyKUgM=",
			"requires": {
				"es6-promise": "^4.0.3"
			}
		},
		"extend": {
			"version": "3.0.2",
			"resolved": "https://registry.npmjs.org/extend/-/extend-3.0.2.tgz",
			"integrity": "sha512-fjquC59cD7CyW6urNXK0FBufkZcoiGG80wTuPujX590cB5Ttln20E2UB4S/WARVqhXffZl2LNgS+gQdPIIim/g=="
		},
		"extract-zip": {
			"version": "1.6.7",
			"resolved": "https://registry.npmjs.org/extract-zip/-/extract-zip-1.6.7.tgz",
			"integrity": "sha1-qEC0uK9kAyZMjbV/Txp0Mz74H+k=",
			"requires": {
				"concat-stream": "1.6.2",
				"debug": "2.6.9",
				"mkdirp": "0.5.1",
				"yauzl": "2.4.1"
			}
		},
		"fast-deep-equal": {
			"version": "1.1.0",
			"resolved": "https://registry.npmjs.org/fast-deep-equal/-/fast-deep-equal-1.1.0.tgz",
			"integrity": "sha1-wFNHeBfIa1HaqFPIHgWbcz0CNhQ="
		},
		"fast-json-stable-stringify": {
			"version": "2.0.0",
			"resolved": "https://registry.npmjs.org/fast-json-stable-stringify/-/fast-json-stable-stringify-2.0.0.tgz",
			"integrity": "sha1-1RQsDK7msRifh9OnYREGT4bIu/I="
		},
		"fd-slicer": {
			"version": "1.0.1",
			"resolved": "https://registry.npmjs.org/fd-slicer/-/fd-slicer-1.0.1.tgz",
			"integrity": "sha1-i1vL2ewyfFBBv5qwI/1nUPEXfmU=",
			"requires": {
				"pend": "~1.2.0"
			}
		},
		"filereader-stream": {
			"version": "0.2.0",
			"resolved": "https://registry.npmjs.org/filereader-stream/-/filereader-stream-0.2.0.tgz",
			"integrity": "sha1-FjdKICcVtkC2Zuz/0HCJk46f8R8=",
			"requires": {
				"inherits": "1.0.0"
			},
			"dependencies": {
				"inherits": {
					"version": "1.0.0",
					"resolved": "https://registry.npmjs.org/inherits/-/inherits-1.0.0.tgz",
					"integrity": "sha1-OOGXUoW/H3upyE2hArsSdxMirEg="
				}
			}
		},
		"follow-redirects": {
			"version": "1.5.8",
			"resolved": "https://registry.npmjs.org/follow-redirects/-/follow-redirects-1.5.8.tgz",
			"integrity": "sha512-sy1mXPmv7kLAMKW/8XofG7o9T+6gAjzdZK4AJF6ryqQYUa/hnzgiypoeUecZ53x7XiqKNEpNqLtS97MshW2nxg==",
			"requires": {
				"debug": "=3.1.0"
			},
			"dependencies": {
				"debug": {
					"version": "3.1.0",
					"resolved": "https://registry.npmjs.org/debug/-/debug-3.1.0.tgz",
					"integrity": "sha512-OX8XqP7/1a9cqkxYw2yXss15f26NKWBpDXQd0/uK/KPqdQhxbPa994hnzjcE2VqQpDslf55723cKPUOGSmMY3g==",
					"requires": {
						"ms": "2.0.0"
					}
				}
			}
		},
		"fs-minipass": {
			"version": "1.2.5",
			"resolved": "https://registry.npmjs.org/fs-minipass/-/fs-minipass-1.2.5.tgz",
			"integrity": "sha512-JhBl0skXjUPCFH7x6x61gQxrKyXsxB5gcgePLZCwfyCGGsTISMoIeObbrvVeP6Xmyaudw4TT43qV2Gz+iyd2oQ==",
			"requires": {
				"minipass": "^2.2.1"
			}
		},
		"gcp-metadata": {
			"version": "0.7.0",
			"resolved": "https://registry.npmjs.org/gcp-metadata/-/gcp-metadata-0.7.0.tgz",
			"integrity": "sha512-ffjC09amcDWjh3VZdkDngIo7WoluyC5Ag9PAYxZbmQLOLNI8lvPtoKTSCyU54j2gwy5roZh6sSMTfkY2ct7K3g==",
			"requires": {
				"axios": "^0.18.0",
				"extend": "^3.0.1",
				"retry-axios": "0.3.2"
			}
		},
		"google-auth-library": {
			"version": "2.0.0",
			"resolved": "https://registry.npmjs.org/google-auth-library/-/google-auth-library-2.0.0.tgz",
			"integrity": "sha512-lN6jecH8L30uAirTeOm9ij9CTMJniwg7fbuyOpgH4lFkO50LKhPrx/ZbLGK8aBCzi/u4/tpdZnJABFuMqtIx0A==",
			"requires": {
				"axios": "^0.18.0",
				"gcp-metadata": "^0.7.0",
				"gtoken": "^2.3.0",
				"https-proxy-agent": "^2.2.1",
				"jws": "^3.1.5",
				"lodash.isstring": "^4.0.1",
				"lru-cache": "^4.1.3",
				"semver": "^5.5.0"
			}
		},
		"google-p12-pem": {
			"version": "1.0.2",
			"resolved": "https://registry.npmjs.org/google-p12-pem/-/google-p12-pem-1.0.2.tgz",
			"integrity": "sha512-+EuKr4CLlGsnXx4XIJIVkcKYrsa2xkAmCvxRhX2HsazJzUBAJ35wARGeApHUn4nNfPD03Vl057FskNr20VaCyg==",
			"requires": {
				"node-forge": "^0.7.4",
				"pify": "^3.0.0"
			}
		},
		"gtoken": {
			"version": "2.3.0",
			"resolved": "https://registry.npmjs.org/gtoken/-/gtoken-2.3.0.tgz",
			"integrity": "sha512-Jc9/8mV630cZE9FC5tIlJCZNdUjwunvlwOtCz6IDlaiB4Sz68ki29a1+q97sWTnTYroiuF9B135rod9zrQdHLw==",
			"requires": {
				"axios": "^0.18.0",
				"google-p12-pem": "^1.0.0",
				"jws": "^3.1.4",
				"mime": "^2.2.0",
				"pify": "^3.0.0"
			}
		},
		"https-proxy-agent": {
			"version": "2.2.1",
			"resolved": "https://registry.npmjs.org/https-proxy-agent/-/https-proxy-agent-2.2.1.tgz",
			"integrity": "sha512-HPCTS1LW51bcyMYbxUIOO4HEOlQ1/1qRaFWcyxvwaqUS9TY88aoEuHUY33kuAh1YhVVaDQhLZsnPd+XNARWZlQ==",
			"requires": {
				"agent-base": "^4.1.0",
				"debug": "^3.1.0"
			},
			"dependencies": {
				"debug": {
					"version": "3.2.5",
					"resolved": "https://registry.npmjs.org/debug/-/debug-3.2.5.tgz",
					"integrity": "sha512-D61LaDQPQkxJ5AUM2mbSJRbPkNs/TmdmOeLAi1hgDkpDfIfetSrjmWhccwtuResSwMbACjx/xXQofvM9CE/aeg==",
					"requires": {
						"ms": "^2.1.1"
					}
				},
				"ms": {
					"version": "2.1.1",
					"resolved": "https://registry.npmjs.org/ms/-/ms-2.1.1.tgz",
					"integrity": "sha512-tgp+dl5cGk28utYktBsrFqA7HKgrhgPsg6Z/EfhWI4gl1Hwq8B/GmY/0oXZ6nF8hDVesS/FpnYaD/kOWhYQvyg=="
				}
			}
		},
		"inherits": {
			"version": "2.0.3",
			"resolved": "https://registry.npmjs.org/inherits/-/inherits-2.0.3.tgz",
			"integrity": "sha1-Yzwsg+PaQqUC9SRmAiSA9CCCYd4="
		},
		"ini": {
			"version": "1.3.5",
			"resolved": "https://registry.npmjs.org/ini/-/ini-1.3.5.tgz",
			"integrity": "sha512-RZY5huIKCMRWDUqZlEi72f/lmXKMvuszcMBduliQ3nnWbx9X/ZBQO7DijMEYS9EhHBb2qacRUMtC7svLwe0lcw=="
		},
		"interactjs": {
			"version": "1.3.4",
			"resolved": "https://registry.npmjs.org/interactjs/-/interactjs-1.3.4.tgz",
			"integrity": "sha512-AQ2CdPEyHqiEEQ1FFgMBj79UEsU1+rUwSXuhOkflvB65p4iECft28SN/PvhD/Y9OtNge8aH1qTibjAi+RXQMqQ=="
		},
		"is-buffer": {
			"version": "1.1.6",
			"resolved": "https://registry.npmjs.org/is-buffer/-/is-buffer-1.1.6.tgz",
			"integrity": "sha512-NcdALwpXkTm5Zvvbk7owOUSvVvBKDgKP5/ewfXEznmQFfs4ZRmanOeKBTjRVjka3QFoN6XJ+9F3USqfHqTaU5w=="
		},
		"is-stream": {
			"version": "1.1.0",
			"resolved": "https://registry.npmjs.org/is-stream/-/is-stream-1.1.0.tgz",
			"integrity": "sha1-EtSj3U5o4Lec6428hBc66A2RykQ="
		},
		"isarray": {
			"version": "1.0.0",
			"resolved": "https://registry.npmjs.org/isarray/-/isarray-1.0.0.tgz",
			"integrity": "sha1-u5NdSFgsuhaMBoNJV6VKPgcSTxE="
		},
		"js-beautify": {
			"version": "1.8.6",
			"resolved": "https://registry.npmjs.org/js-beautify/-/js-beautify-1.8.6.tgz",
			"integrity": "sha512-TYDZa+lg8vEC5U0OmGQEEwiZ0XFBfvZAUeNOtqflLe+woKuIqF4JzlsBx/C1KVYW5lUewZy2ODL4Obq6sH7a4Q==",
			"requires": {
				"config-chain": "~1.1.5",
				"editorconfig": "^0.15.0",
				"mkdirp": "~0.5.0",
				"nopt": "~4.0.1"
			}
		},
		"json-schema-traverse": {
			"version": "0.3.1",
			"resolved": "https://registry.npmjs.org/json-schema-traverse/-/json-schema-traverse-0.3.1.tgz",
			"integrity": "sha1-NJptRMU6Ud6JtAgFxdXlm0F9M0A="
		},
		"json5": {
			"version": "0.5.1",
			"resolved": "http://registry.npmjs.org/json5/-/json5-0.5.1.tgz",
			"integrity": "sha1-Hq3nrMASA0rYTiOWdn6tn6VJWCE="
		},
		"jstoxml": {
			"version": "1.4.3",
			"resolved": "https://registry.npmjs.org/jstoxml/-/jstoxml-1.4.3.tgz",
			"integrity": "sha512-wKKh12TMmjdcPYd62LcKCfEEHDCZuN2SZG/2rONsxBtbM/tSeiDYWDCGqr5eIT1s1AS/yRiGK1bM4gKddKpbcQ=="
		},
		"jwa": {
			"version": "1.1.6",
			"resolved": "https://registry.npmjs.org/jwa/-/jwa-1.1.6.tgz",
			"integrity": "sha512-tBO/cf++BUsJkYql/kBbJroKOgHWEigTKBAjjBEmrMGYd1QMBC74Hr4Wo2zCZw6ZrVhlJPvoMrkcOnlWR/DJfw==",
			"requires": {
				"buffer-equal-constant-time": "1.0.1",
				"ecdsa-sig-formatter": "1.0.10",
				"safe-buffer": "^5.0.1"
			}
		},
		"jws": {
			"version": "3.1.5",
			"resolved": "https://registry.npmjs.org/jws/-/jws-3.1.5.tgz",
			"integrity": "sha512-GsCSexFADNQUr8T5HPJvayTjvPIfoyJPtLQBwn5a4WZQchcrPMPMAWcC1AzJVRDKyD6ZPROPAxgv6rfHViO4uQ==",
			"requires": {
				"jwa": "^1.1.5",
				"safe-buffer": "^5.0.1"
			}
		},
		"loader-utils": {
			"version": "1.1.0",
			"resolved": "https://registry.npmjs.org/loader-utils/-/loader-utils-1.1.0.tgz",
			"integrity": "sha1-yYrvSIvM7aL/teLeZG1qdUQp9c0=",
			"requires": {
				"big.js": "^3.1.3",
				"emojis-list": "^2.0.0",
				"json5": "^0.5.0"
			}
		},
		"lodash.isstring": {
			"version": "4.0.1",
			"resolved": "https://registry.npmjs.org/lodash.isstring/-/lodash.isstring-4.0.1.tgz",
			"integrity": "sha1-1SfftUVuynzJu5XV2ur4i6VKVFE="
		},
		"lru-cache": {
			"version": "4.1.3",
			"resolved": "https://registry.npmjs.org/lru-cache/-/lru-cache-4.1.3.tgz",
			"integrity": "sha512-fFEhvcgzuIoJVUF8fYr5KR0YqxD238zgObTps31YdADwPPAp82a4M8TrckkWyx7ekNlf9aBcVn81cFwwXngrJA==",
			"requires": {
				"pseudomap": "^1.0.2",
				"yallist": "^2.1.2"
			}
		},
		"mime": {
			"version": "2.3.1",
			"resolved": "https://registry.npmjs.org/mime/-/mime-2.3.1.tgz",
			"integrity": "sha512-OEUllcVoydBHGN1z84yfQDimn58pZNNNXgZlHXSboxMlFvgI6MXSWpWKpFRra7H1HxpVhHTkrghfRW49k6yjeg=="
		},
		"mime-db": {
			"version": "1.36.0",
			"resolved": "https://registry.npmjs.org/mime-db/-/mime-db-1.36.0.tgz",
			"integrity": "sha512-L+xvyD9MkoYMXb1jAmzI/lWYAxAMCPvIBSWur0PZ5nOf5euahRLVqH//FKW9mWp2lkqUgYiXPgkzfMUFi4zVDw=="
		},
		"mime-types": {
			"version": "2.1.20",
			"resolved": "https://registry.npmjs.org/mime-types/-/mime-types-2.1.20.tgz",
			"integrity": "sha512-HrkrPaP9vGuWbLK1B1FfgAkbqNjIuy4eHlIYnFi7kamZyLLrGlo2mpcx0bBmNpKqBtYtAfGbodDddIgddSJC2A==",
			"requires": {
				"mime-db": "~1.36.0"
			}
		},
		"minimist": {
			"version": "0.0.8",
			"resolved": "http://registry.npmjs.org/minimist/-/minimist-0.0.8.tgz",
			"integrity": "sha1-hX/Kv8M5fSYluCKCYuhqp6ARsF0="
		},
		"minipass": {
			"version": "2.3.4",
			"resolved": "https://registry.npmjs.org/minipass/-/minipass-2.3.4.tgz",
			"integrity": "sha512-mlouk1OHlaUE8Odt1drMtG1bAJA4ZA6B/ehysgV0LUIrDHdKgo1KorZq3pK0b/7Z7LJIQ12MNM6aC+Tn6lUZ5w==",
			"requires": {
				"safe-buffer": "^5.1.2",
				"yallist": "^3.0.0"
			},
			"dependencies": {
				"yallist": {
					"version": "3.0.2",
					"resolved": "https://registry.npmjs.org/yallist/-/yallist-3.0.2.tgz",
					"integrity": "sha1-hFK0u36Dx8GI2AQcGoN8dz1ti7k="
				}
			}
		},
		"minizlib": {
			"version": "1.1.0",
			"resolved": "https://registry.npmjs.org/minizlib/-/minizlib-1.1.0.tgz",
			"integrity": "sha512-4T6Ur/GctZ27nHfpt9THOdRZNgyJ9FZchYO1ceg5S8Q3DNLCKYy44nCZzgCJgcvx2UM8czmqak5BCxJMrq37lA==",
			"requires": {
				"minipass": "^2.2.1"
			}
		},
		"mkdirp": {
			"version": "0.5.1",
			"resolved": "http://registry.npmjs.org/mkdirp/-/mkdirp-0.5.1.tgz",
			"integrity": "sha1-MAV0OOrGz3+MR2fzhkjWaX11yQM=",
			"requires": {
				"minimist": "0.0.8"
			}
		},
		"ms": {
			"version": "2.0.0",
			"resolved": "https://registry.npmjs.org/ms/-/ms-2.0.0.tgz",
			"integrity": "sha1-VgiurfwAvmwpAd9fmGF4jeDVl8g="
		},
		"musicmetadata": {
			"version": "2.0.5",
			"resolved": "https://registry.npmjs.org/musicmetadata/-/musicmetadata-2.0.5.tgz",
			"integrity": "sha1-eukQ2Z+67gXyvVQ67xC2++Hze9Q=",
			"requires": {
				"deep-equal": "0.2.1",
				"filereader-stream": "^0.2.0",
				"is-stream": "^1.1.0",
				"strtok2": "~1.0.0",
				"through": "~2.3.4"
			}
		},
		"node-ensure": {
			"version": "0.0.0",
			"resolved": "https://registry.npmjs.org/node-ensure/-/node-ensure-0.0.0.tgz",
			"integrity": "sha1-7K52QVDemYYexcgQ/V0Jaxg5Mqc="
		},
		"node-forge": {
			"version": "0.7.6",
			"resolved": "https://registry.npmjs.org/node-forge/-/node-forge-0.7.6.tgz",
			"integrity": "sha512-sol30LUpz1jQFBjOKwbjxijiE3b6pjd74YwfD0fJOKPjF+fONKb2Yg8rYgS6+bK6VDl+/wfr4IYpC7jDzLUIfw=="
		},
		"node-uuid": {
			"version": "1.4.8",
			"resolved": "https://registry.npmjs.org/node-uuid/-/node-uuid-1.4.8.tgz",
			"integrity": "sha1-sEDrCSOWivq/jTL7HxfxFn/auQc="
		},
		"node-viewerjs": {
			"version": "0.6.7",
			"resolved": "https://registry.npmjs.org/node-viewerjs/-/node-viewerjs-0.6.7.tgz",
			"integrity": "sha512-d/yw97iwIEiKoZQOsT8ZHMVnnUqlVlhzgcQO+0I2xF7r2VWyOR5e5v1ZAz1JLJj+XLc1X368FToD7QxDfOU8uw==",
			"requires": {
				"node-webodf": "0.5.11",
				"pdfjs-dist": "1.8"
			}
		},
		"node-webodf": {
			"version": "0.5.11",
			"resolved": "https://registry.npmjs.org/node-webodf/-/node-webodf-0.5.11.tgz",
			"integrity": "sha512-xqTrruZp9d8aZ2RmzgACY15287LTrrT0BgUMh1e2LywoBG2wRe9+8h0e01db2QbLDnO6fSq3do1aG2K1ZXxBEA==",
			"requires": {
				"xmldom": "*"
			}
		},
		"nopt": {
			"version": "4.0.1",
			"resolved": "https://registry.npmjs.org/nopt/-/nopt-4.0.1.tgz",
			"integrity": "sha1-0NRoWv1UFRk8jHUFYC0NF81kR00=",
			"requires": {
				"abbrev": "1",
				"osenv": "^0.1.4"
			}
		},
		"os-homedir": {
			"version": "1.0.2",
			"resolved": "https://registry.npmjs.org/os-homedir/-/os-homedir-1.0.2.tgz",
			"integrity": "sha1-/7xJiDNuDoM94MFox+8VISGqf7M="
		},
		"os-tmpdir": {
			"version": "1.0.2",
			"resolved": "https://registry.npmjs.org/os-tmpdir/-/os-tmpdir-1.0.2.tgz",
			"integrity": "sha1-u+Z0BseaqFxc/sdm/lc0VV36EnQ="
		},
		"osenv": {
			"version": "0.1.5",
			"resolved": "https://registry.npmjs.org/osenv/-/osenv-0.1.5.tgz",
			"integrity": "sha512-0CWcCECdMVc2Rw3U5w9ZjqX6ga6ubk1xDVKxtBQPK7wis/0F2r9T6k4ydGYhecl7YUBxBVxhL5oisPsNxAPe2g==",
			"requires": {
				"os-homedir": "^1.0.0",
				"os-tmpdir": "^1.0.0"
			}
		},
		"pdfjs-dist": {
			"version": "1.8.619",
			"resolved": "https://registry.npmjs.org/pdfjs-dist/-/pdfjs-dist-1.8.619.tgz",
			"integrity": "sha1-t7FeHgAYdDUSYy5b1huUK6csRT0=",
			"requires": {
				"node-ensure": "^0.0.0",
				"worker-loader": "^0.8.0"
			}
		},
		"pend": {
			"version": "1.2.0",
			"resolved": "https://registry.npmjs.org/pend/-/pend-1.2.0.tgz",
			"integrity": "sha1-elfrVQpng/kRUzH89GY9XI4AelA="
		},
		"pify": {
			"version": "3.0.0",
			"resolved": "https://registry.npmjs.org/pify/-/pify-3.0.0.tgz",
			"integrity": "sha1-5aSs0sEB/fPZpNB/DbxNtJ3SgXY="
		},
		"playmusic": {
			"version": "git+https://github.com/jamon/playmusic.git#7488e8b14773960ba295ded3201f6192aba5fc4d",
			"from": "git+https://github.com/jamon/playmusic.git",
			"requires": {
				"crypto-js": ">= 3.1",
				"node-uuid": "~1.4.1",
				"rsa-pem-from-mod-exp": "^0.8.4"
			}
		},
		"process-nextick-args": {
			"version": "2.0.0",
			"resolved": "https://registry.npmjs.org/process-nextick-args/-/process-nextick-args-2.0.0.tgz",
			"integrity": "sha512-MtEC1TqN0EU5nephaJ4rAtThHtC86dNN9qCuEhtshvpVBkAW5ZO7BASN9REnF9eoXGcRub+pFuKEpOHE+HbEMw=="
		},
		"proto-list": {
			"version": "1.2.4",
			"resolved": "https://registry.npmjs.org/proto-list/-/proto-list-1.2.4.tgz",
			"integrity": "sha1-IS1b/hMYMGpCD2QCuOJv85ZHqEk="
		},
		"pseudomap": {
			"version": "1.0.2",
			"resolved": "https://registry.npmjs.org/pseudomap/-/pseudomap-1.0.2.tgz",
			"integrity": "sha1-8FKijacOYYkX7wqKw0wa5aaChrM="
		},
		"readable-stream": {
			"version": "2.3.6",
			"resolved": "http://registry.npmjs.org/readable-stream/-/readable-stream-2.3.6.tgz",
			"integrity": "sha512-tQtKA9WIAhBF3+VLAseyMqZeBjW0AHJoxOtYqSUZNJxauErmLbVm2FW1y+J/YA9dUrAC39ITejlZWhVIwawkKw==",
			"requires": {
				"core-util-is": "~1.0.0",
				"inherits": "~2.0.3",
				"isarray": "~1.0.0",
				"process-nextick-args": "~2.0.0",
				"safe-buffer": "~5.1.1",
				"string_decoder": "~1.1.1",
				"util-deprecate": "~1.0.1"
			}
		},
		"retry-axios": {
			"version": "0.3.2",
			"resolved": "https://registry.npmjs.org/retry-axios/-/retry-axios-0.3.2.tgz",
			"integrity": "sha512-jp4YlI0qyDFfXiXGhkCOliBN1G7fRH03Nqy8YdShzGqbY5/9S2x/IR6C88ls2DFkbWuL3ASkP7QD3pVrNpPgwQ=="
		},
		"rsa-pem-from-mod-exp": {
			"version": "0.8.4",
			"resolved": "https://registry.npmjs.org/rsa-pem-from-mod-exp/-/rsa-pem-from-mod-exp-0.8.4.tgz",
			"integrity": "sha1-NipCxtMEBW1JOz8SvOq7LGV2ptQ="
		},
		"safe-buffer": {
			"version": "5.1.2",
			"resolved": "https://registry.npmjs.org/safe-buffer/-/safe-buffer-5.1.2.tgz",
			"integrity": "sha512-Gd2UZBJDkXlY7GbJxfsE8/nvKkUEU1G38c1siN6QP6a9PT9MmHB8GnpscSmMJSoF8LOIrt8ud/wPtojys4G6+g=="
		},
		"sax": {
			"version": "1.2.4",
			"resolved": "https://registry.npmjs.org/sax/-/sax-1.2.4.tgz",
			"integrity": "sha512-NqVDv9TpANUjFm0N8uM5GxL36UgKi9/atZw+x7YFnQ8ckwFGKrl4xX4yWtrey3UJm5nP1kUbnYgLopqWNSRhWw=="
		},
		"schema-utils": {
			"version": "0.3.0",
			"resolved": "https://registry.npmjs.org/schema-utils/-/schema-utils-0.3.0.tgz",
			"integrity": "sha1-9YdyIs4+kx7a4DnxfrNxbnE3+M8=",
			"requires": {
				"ajv": "^5.0.0"
			}
		},
		"semver": {
			"version": "5.5.1",
			"resolved": "https://registry.npmjs.org/semver/-/semver-5.5.1.tgz",
			"integrity": "sha512-PqpAxfrEhlSUWge8dwIp4tZnQ25DIOthpiaHNIthsjEFQD6EvqUKUDM7L8O2rShkFccYo1VjJR0coWfNkCubRw=="
		},
		"sigmund": {
			"version": "1.0.1",
			"resolved": "https://registry.npmjs.org/sigmund/-/sigmund-1.0.1.tgz",
			"integrity": "sha1-P/IfGYytIXX587eBhT/ZTQ0ZtZA="
		},
		"source-sans-pro": {
			"version": "2.20.2",
			"resolved": "https://registry.npmjs.org/source-sans-pro/-/source-sans-pro-2.20.2.tgz",
			"integrity": "sha512-/HW4xC0C9KjeyE/lmZxZKYaQgdde1QTBQG3ynNpvWJKb1l93dsiBF31OlGmxJAZH2oeLeWAn9v7g7z2aDkrEUw=="
		},
		"string_decoder": {
			"version": "1.1.1",
			"resolved": "https://registry.npmjs.org/string_decoder/-/string_decoder-1.1.1.tgz",
			"integrity": "sha512-n/ShnvDi6FHbbVfviro+WojiFzv+s8MPMHBczVePfUpDJLwoLT0ht1l4YwBCbi8pJAveEEdnkHyPyTP/mzRfwg==",
			"requires": {
				"safe-buffer": "~5.1.0"
			}
		},
		"strtok2": {
			"version": "1.0.4",
			"resolved": "http://registry.npmjs.org/strtok2/-/strtok2-1.0.4.tgz",
			"integrity": "sha1-35/7LnCjM2tGYOJn7wVH5hAnX8E="
		},
		"tar": {
			"version": "4.4.6",
			"resolved": "https://registry.npmjs.org/tar/-/tar-4.4.6.tgz",
			"integrity": "sha512-tMkTnh9EdzxyfW+6GK6fCahagXsnYk6kE6S9Gr9pjVdys769+laCTbodXDhPAjzVtEBazRgP0gYqOjnk9dQzLg==",
			"requires": {
				"chownr": "^1.0.1",
				"fs-minipass": "^1.2.5",
				"minipass": "^2.3.3",
				"minizlib": "^1.1.0",
				"mkdirp": "^0.5.0",
				"safe-buffer": "^5.1.2",
				"yallist": "^3.0.2"
			},
			"dependencies": {
				"yallist": {
					"version": "3.0.2",
					"resolved": "https://registry.npmjs.org/yallist/-/yallist-3.0.2.tgz",
					"integrity": "sha1-hFK0u36Dx8GI2AQcGoN8dz1ti7k="
				}
			}
		},
		"through": {
			"version": "2.3.8",
			"resolved": "http://registry.npmjs.org/through/-/through-2.3.8.tgz",
			"integrity": "sha1-DdTJ/6q8NXlgsbckEV1+Doai4fU="
		},
		"typedarray": {
			"version": "0.0.6",
			"resolved": "https://registry.npmjs.org/typedarray/-/typedarray-0.0.6.tgz",
			"integrity": "sha1-hnrHTjhkGHsdPUfZlqeOxciDB3c="
		},
		"util-deprecate": {
			"version": "1.0.2",
			"resolved": "https://registry.npmjs.org/util-deprecate/-/util-deprecate-1.0.2.tgz",
			"integrity": "sha1-RQ1Nyfpw3nMnYvvS1KKJgUGaDM8="
		},
		"worker-loader": {
			"version": "0.8.1",
			"resolved": "https://registry.npmjs.org/worker-loader/-/worker-loader-0.8.1.tgz",
			"integrity": "sha1-6OmVMx6jTfW/aCloJL+38K1XjUM=",
			"requires": {
				"loader-utils": "^1.0.2",
				"schema-utils": "^0.3.0"
			}
		},
		"xml2js": {
			"version": "0.4.19",
			"resolved": "https://registry.npmjs.org/xml2js/-/xml2js-0.4.19.tgz",
			"integrity": "sha512-esZnJZJOiJR9wWKMyuvSE1y6Dq5LCuJanqhxslH2bxM6duahNZ+HMpCLhBQGZkbX6xRf8x1Y2eJlgt2q3qo49Q==",
			"requires": {
				"sax": ">=0.6.0",
				"xmlbuilder": "~9.0.1"
			}
		},
		"xmlbuilder": {
			"version": "9.0.7",
			"resolved": "https://registry.npmjs.org/xmlbuilder/-/xmlbuilder-9.0.7.tgz",
			"integrity": "sha1-Ey7mPS7FVlxVfiD0wi35rKaGsQ0="
		},
		"xmldom": {
			"version": "0.1.27",
			"resolved": "https://registry.npmjs.org/xmldom/-/xmldom-0.1.27.tgz",
			"integrity": "sha1-1QH5ezvbQDr4757MIFcxh6rawOk="
		},
		"yallist": {
			"version": "2.1.2",
			"resolved": "https://registry.npmjs.org/yallist/-/yallist-2.1.2.tgz",
			"integrity": "sha1-HBH5IY8HYImkfdUS+TxmmaaoHVI="
		},
		"yauzl": {
			"version": "2.4.1",
			"resolved": "https://registry.npmjs.org/yauzl/-/yauzl-2.4.1.tgz",
			"integrity": "sha1-lSj0QtqxsihOWLQ3m7GU4i4MQAU=",
			"requires": {
				"fd-slicer": "~1.0.1"
			}
		}
	}
}
