{
  "name": "atomos",
  "version": "0.4",
  "lockfileVersion": 1,
  "requires": true,
  "dependencies": {
    "ace-builds": {
      "version": "1.2.9",
      "resolved": "https://registry.npmjs.org/ace-builds/-/ace-builds-1.2.9.tgz",
      "integrity": "sha512-Gcz6nv1YOwTrd1cCd5iDHyF15/hsascz25kUdUYC2zvMv1xeTldGrisMeV4+Jq3vv2OGNukzhIu48RB70iY7pA=="
    },
    "ace-code-editor": {
      "version": "1.2.3",
      "resolved": "https://registry.npmjs.org/ace-code-editor/-/ace-code-editor-1.2.3.tgz",
      "integrity": "sha1-plpTOHnW4Pn9tecS0u5GsgeaUd4=",
      "requires": {
        "mime": "1.2.11"
      }
    },
    "async": {
      "version": "1.5.2",
      "resolved": "https://registry.npmjs.org/async/-/async-1.5.2.tgz",
      "integrity": "sha1-7GphrlZIDAw8skHJVhjiCJL5Zyo="
    },
    "atomos-framework": {
      "version": "0.4.26",
      "resolved": "https://registry.npmjs.org/atomos/-/atomos-1.0.0.tgz",
      "integrity": "sha512-9dxlQRlbPpiULIc3Pv5BBtKVWSMBrRY/CVCgX92qNNS0Dng5AGGKmHoLL8XD5/vyHIvJFOcBbz7tMhZyQWRXhg=="
    },
    "blob-to-buffer": {
      "version": "1.2.6",
      "resolved": "https://registry.npmjs.org/blob-to-buffer/-/blob-to-buffer-1.2.6.tgz",
      "integrity": "sha1-CJrCZMaGtz6tbFOaSEqAA7+7IDM="
    },
    "bootstrap": {
      "version": "4.0.0-beta.2",
      "resolved": "https://registry.npmjs.org/bootstrap/-/bootstrap-4.0.0-beta.2.tgz",
      "integrity": "sha512-DzGtdTlKbrMoGMpz0LigKSqJ+MgtFKxA791PU/q062OlRG0HybNZcTLH7rpDAmLS66Y3esN9yzKHLLbqa5UR3w=="
    },
    "commander": {
      "version": "2.9.0",
      "resolved": "https://registry.npmjs.org/commander/-/commander-2.9.0.tgz",
      "integrity": "sha1-nJkJQXbhIkDLItbFFGCYQA/g99Q=",
      "requires": {
        "graceful-readlink": "1.0.1"
      }
    },
    "concat-stream": {
      "version": "1.6.0",
      "resolved": "https://registry.npmjs.org/concat-stream/-/concat-stream-1.6.0.tgz",
      "integrity": "sha1-CqxmL9Ur54lk1VMvaUeE5wEQrPc=",
      "requires": {
        "inherits": "2.0.3",
        "readable-stream": "2.3.3",
        "typedarray": "0.0.6"
      },
      "dependencies": {
        "isarray": {
          "version": "1.0.0",
          "resolved": "https://registry.npmjs.org/isarray/-/isarray-1.0.0.tgz",
          "integrity": "sha1-u5NdSFgsuhaMBoNJV6VKPgcSTxE="
        },
        "readable-stream": {
          "version": "2.3.3",
          "resolved": "https://registry.npmjs.org/readable-stream/-/readable-stream-2.3.3.tgz",
          "integrity": "sha512-m+qzzcn7KUxEmd1gMbchF+Y2eIUbieUaxkWtptyHywrX0rE8QEYqPC07Vuy4Wm32/xE16NcdBctb8S0Xe/5IeQ==",
          "requires": {
            "core-util-is": "1.0.2",
            "inherits": "2.0.3",
            "isarray": "1.0.0",
            "process-nextick-args": "1.0.7",
            "safe-buffer": "5.1.1",
            "string_decoder": "1.0.3",
            "util-deprecate": "1.0.2"
          }
        },
        "safe-buffer": {
          "version": "5.1.1",
          "resolved": "https://registry.npmjs.org/safe-buffer/-/safe-buffer-5.1.1.tgz",
          "integrity": "sha512-kKvNJn6Mm93gAczWVJg7wH+wGYWNrDHdWvpUmHyEsgCtIwwo3bqPtV4tR5tuPaUhTOo/kvhVwd8XwwOllGYkbg=="
        },
        "string_decoder": {
          "version": "1.0.3",
          "resolved": "https://registry.npmjs.org/string_decoder/-/string_decoder-1.0.3.tgz",
          "integrity": "sha512-4AH6Z5fzNNBcH+6XDMfA/BTt87skxqJlO0lAh3Dker5zThcAxG6mKz+iGu308UKoPPQ8Dcqx/4JhujzltRa+hQ==",
          "requires": {
            "safe-buffer": "5.1.1"
          }
        }
      }
    },
    "core-util-is": {
      "version": "1.0.2",
      "resolved": "https://registry.npmjs.org/core-util-is/-/core-util-is-1.0.2.tgz",
      "integrity": "sha1-tf1UIgqivFq1eqtxQMlAdUUDwac="
    },
    "cropperjs": {
      "version": "1.1.3",
      "resolved": "https://registry.npmjs.org/cropperjs/-/cropperjs-1.1.3.tgz",
      "integrity": "sha512-bRdddd35KoPQiTJEX/Pv4mYe6YnNvg4fNsBOZSeBxXt4L3RFhUSfhinc95P6AsbzrHf+ucNftqRF4449Rra6Vw=="
    },
    "debug": {
      "version": "2.6.9",
      "resolved": "https://registry.npmjs.org/debug/-/debug-2.6.9.tgz",
      "integrity": "sha512-bC7ElrdJaJnPbAP+1EotYvqZsb3ecl5wi6Bfi6BJTUcNowp6cvspg0jXznRTKDjm/E7AdgFBVeAPVMNcKGsHMA==",
      "requires": {
        "ms": "2.0.0"
      }
    },
    "graceful-readlink": {
      "version": "1.0.1",
      "resolved": "https://registry.npmjs.org/graceful-readlink/-/graceful-readlink-1.0.1.tgz",
      "integrity": "sha1-TK+tdrxi8C+gObL5Tpo906ORpyU="
    },
    "iconv-lite": {
      "version": "0.4.19",
      "resolved": "https://registry.npmjs.org/iconv-lite/-/iconv-lite-0.4.19.tgz",
      "integrity": "sha1-90aPYBNfXl2tM5nAqBvpoWA6CCs="
    },
    "inherits": {
      "version": "2.0.3",
      "resolved": "https://registry.npmjs.org/inherits/-/inherits-2.0.3.tgz",
      "integrity": "sha1-Yzwsg+PaQqUC9SRmAiSA9CCCYd4="
    },
    "invert-kv": {
      "version": "1.0.0",
      "resolved": "https://registry.npmjs.org/invert-kv/-/invert-kv-1.0.0.tgz",
      "integrity": "sha1-EEqOSqym09jNFXqO+L+rLXo//bY="
    },
    "jquery": {
      "version": "3.2.1",
      "resolved": "https://registry.npmjs.org/jquery/-/jquery-3.2.1.tgz",
      "integrity": "sha1-XE2d5lKvbNCncBVKYxu6ErAVx4c="
    },
    "lcid": {
      "version": "1.0.0",
      "resolved": "https://registry.npmjs.org/lcid/-/lcid-1.0.0.tgz",
      "integrity": "sha1-MIrMr6C8SDo4Z7S28rlQYlHRuDU=",
      "requires": {
        "invert-kv": "1.0.0"
      }
    },
    "lodash": {
      "version": "4.17.4",
      "resolved": "https://registry.npmjs.org/lodash/-/lodash-4.17.4.tgz",
      "integrity": "sha1-eCA6TRwyiuHYbcpkYONptX9AVa4="
    },
    "mime": {
      "version": "1.2.11",
      "resolved": "https://registry.npmjs.org/mime/-/mime-1.2.11.tgz",
      "integrity": "sha1-WCA+7Ybjpe8XrtK32evUfwpg3RA="
    },
    "minimist": {
      "version": "0.0.8",
      "resolved": "https://registry.npmjs.org/minimist/-/minimist-0.0.8.tgz",
      "integrity": "sha1-hX/Kv8M5fSYluCKCYuhqp6ARsF0="
    },
    "ms": {
      "version": "2.0.0",
      "resolved": "https://registry.npmjs.org/ms/-/ms-2.0.0.tgz",
      "integrity": "sha1-VgiurfwAvmwpAd9fmGF4jeDVl8g="
    },
    "needle": {
      "version": "1.1.2",
      "resolved": "https://registry.npmjs.org/needle/-/needle-1.1.2.tgz",
      "integrity": "sha1-0oQaElv9dP77MMA0QQQ2kGHD4To=",
      "requires": {
        "debug": "2.6.9",
        "iconv-lite": "0.4.19"
      }
    },
    "network": {
      "version": "0.4.0",
      "resolved": "https://registry.npmjs.org/network/-/network-0.4.0.tgz",
      "integrity": "sha1-ngk+TZzpBjmHJTL6YC/oVf87aSk=",
      "requires": {
        "async": "1.5.2",
        "commander": "2.9.0",
        "needle": "1.1.2",
        "wmic": "0.1.0"
      }
    },
    "node-wifiscanner2": {
      "version": "1.2.0",
      "resolved": "https://registry.npmjs.org/node-wifiscanner2/-/node-wifiscanner2-1.2.0.tgz",
      "integrity": "sha1-ln+tDXV7Qwo5snGNQIy72ewetIA=",
      "requires": {
        "os-locale": "1.4.0"
      }
    },
    "os-locale": {
      "version": "1.4.0",
      "resolved": "https://registry.npmjs.org/os-locale/-/os-locale-1.4.0.tgz",
      "integrity": "sha1-IPnxeuKe00XoveWDsT0gCYA8FNk=",
      "requires": {
        "lcid": "1.0.0"
      }
    },
    "popper.js": {
      "version": "1.12.5",
      "resolved": "https://registry.npmjs.org/popper.js/-/popper.js-1.12.5.tgz",
      "integrity": "sha1-Ip5N6gFinh8aHiaZH/reUCQiD6Y="
    },
    "process-nextick-args": {
      "version": "1.0.7",
      "resolved": "https://registry.npmjs.org/process-nextick-args/-/process-nextick-args-1.0.7.tgz",
      "integrity": "sha1-FQ4gt1ZZCtP5EJPyWk8q2L/zC6M="
    },
    "sync-exec": {
      "version": "0.6.2",
      "resolved": "https://registry.npmjs.org/sync-exec/-/sync-exec-0.6.2.tgz",
      "integrity": "sha1-cX0izFPwzh3vVZQ2LzqJouu5EQU="
    },
    "typedarray": {
      "version": "0.0.6",
      "resolved": "https://registry.npmjs.org/typedarray/-/typedarray-0.0.6.tgz",
      "integrity": "sha1-hnrHTjhkGHsdPUfZlqeOxciDB3c="
    },
    "util-deprecate": {
      "version": "1.0.2",
      "resolved": "https://registry.npmjs.org/util-deprecate/-/util-deprecate-1.0.2.tgz",
      "integrity": "sha1-RQ1Nyfpw3nMnYvvS1KKJgUGaDM8="
    },
    "wifi-control": {
      "version": "2.0.1",
      "resolved": "https://registry.npmjs.org/wifi-control/-/wifi-control-2.0.1.tgz",
      "integrity": "sha1-WsDVYrSsjXRziAJy4mMezr8ybgk=",
      "requires": {
        "node-wifiscanner2": "1.2.0",
        "sync-exec": "0.6.2"
      }
    },
    "wireless-tools": {
      "version": "0.19.0",
      "resolved": "https://registry.npmjs.org/wireless-tools/-/wireless-tools-0.19.0.tgz",
      "integrity": "sha1-Z/tzzTcfLZujue8lNACjH4x4SxE="
    },
    "wmic": {
      "version": "0.1.0",
      "resolved": "https://registry.npmjs.org/wmic/-/wmic-0.1.0.tgz",
      "integrity": "sha1-eLQasR0VTLgSgZ4SkWdNrVXY4dc=",
      "requires": {
        "async": "2.5.0",
        "iconv-lite": "0.4.19"
      },
      "dependencies": {
        "async": {
          "version": "2.5.0",
          "resolved": "https://registry.npmjs.org/async/-/async-2.5.0.tgz",
          "integrity": "sha1-hDGQ/WtzV6C54clW7d3V7IRitU0=",
          "requires": {
            "lodash": "4.17.4"
          }
        }
      }
    }
  }
}
